
Microsoft Visual Studio Solution File, Format Version 12.00
# Visual Studio 15
VisualStudioVersion = 15.0.27130.2010
MinimumVisualStudioVersion = 10.0.40219.1
Project("{8BC9CEB8-8B4A-11D0-8D11-00A0C91BC942}") = "Finite Difference Method", "Finite Difference Method.vcxproj", "{569B2CFA-8363-473A-BE8C-C9529ABD3ED6}"
EndProject
Project("{8BC9CEB8-8B4A-11D0-8D11-00A0C91BC942}") = "1dHeatRod", "..\examples\1dHeatRod\1dHeatRod.vcxproj", "{827B322B-125E-480E-AA78-20861AAC274B}"
EndProject
Project("{8BC9CEB8-8B4A-11D0-8D11-00A0C91BC942}") = "Tests", "..\test\Tests\Tests.vcxproj", "{003B3C2A-B0D7-4E33-804D-39DCC55F6D58}"
EndProject
Global
	GlobalSection(SolutionConfigurationPlatforms) = preSolution
		Debug|x64 = Debug|x64
		Debug|x86 = Debug|x86
		Release|x64 = Release|x64
		Release|x86 = Release|x86
	EndGlobalSection
	GlobalSection(ProjectConfigurationPlatforms) = postSolution
		{569B2CFA-8363-473A-BE8C-C9529ABD3ED6}.Debug|x64.ActiveCfg = Debug|x64
		{569B2CFA-8363-473A-BE8C-C9529ABD3ED6}.Debug|x64.Build.0 = Debug|x64
		{569B2CFA-8363-473A-BE8C-C9529ABD3ED6}.Debug|x86.ActiveCfg = Debug|Win32
		{569B2CFA-8363-473A-BE8C-C9529ABD3ED6}.Debug|x86.Build.0 = Debug|Win32
		{569B2CFA-8363-473A-BE8C-C9529ABD3ED6}.Release|x64.ActiveCfg = Release|x64
		{569B2CFA-8363-473A-BE8C-C9529ABD3ED6}.Release|x64.Build.0 = Release|x64
		{569B2CFA-8363-473A-BE8C-C9529ABD3ED6}.Release|x86.ActiveCfg = Release|Win32
		{569B2CFA-8363-473A-BE8C-C9529ABD3ED6}.Release|x86.Build.0 = Release|Win32
		{827B322B-125E-480E-AA78-20861AAC274B}.Debug|x64.ActiveCfg = Debug|x64
		{827B322B-125E-480E-AA78-20861AAC274B}.Debug|x64.Build.0 = Debug|x64
		{827B322B-125E-480E-AA78-20861AAC274B}.Debug|x86.ActiveCfg = Debug|Win32
		{827B322B-125E-480E-AA78-20861AAC274B}.Debug|x86.Build.0 = Debug|Win32
		{827B322B-125E-480E-AA78-20861AAC274B}.Release|x64.ActiveCfg = Release|x64
		{827B322B-125E-480E-AA78-20861AAC274B}.Release|x64.Build.0 = Release|x64
		{827B322B-125E-480E-AA78-20861AAC274B}.Release|x86.ActiveCfg = Release|Win32
		{827B322B-125E-480E-AA78-20861AAC274B}.Release|x86.Build.0 = Release|Win32
		{003B3C2A-B0D7-4E33-804D-39DCC55F6D58}.Debug|x64.ActiveCfg = Debug|x64
		{003B3C2A-B0D7-4E33-804D-39DCC55F6D58}.Debug|x64.Build.0 = Debug|x64
		{003B3C2A-B0D7-4E33-804D-39DCC55F6D58}.Debug|x86.ActiveCfg = Debug|Win32
		{003B3C2A-B0D7-4E33-804D-39DCC55F6D58}.Debug|x86.Build.0 = Debug|Win32
		{003B3C2A-B0D7-4E33-804D-39DCC55F6D58}.Release|x64.ActiveCfg = Release|x64
		{003B3C2A-B0D7-4E33-804D-39DCC55F6D58}.Release|x64.Build.0 = Release|x64
		{003B3C2A-B0D7-4E33-804D-39DCC55F6D58}.Release|x86.ActiveCfg = Release|Win32
		{003B3C2A-B0D7-4E33-804D-39DCC55F6D58}.Release|x86.Build.0 = Release|Win32
	EndGlobalSection
	GlobalSection(SolutionProperties) = preSolution
		HideSolutionNode = FALSE
	EndGlobalSection
	GlobalSection(ExtensibilityGlobals) = postSolution
		SolutionGuid = {620C49C5-C2EC-43A0-8DBE-289CCE3FDA43}
	EndGlobalSection
EndGlobal
